
Microsoft Visual Studio Solution File, Format Version 12.00
# Visual Studio 15
Project("{FAE04EC0-301F-11D3-BF4B-00C04F79EFBC}") = "Assembly-CSharp", "Assembly-CSharp.csproj", "{6612A9AC-E61A-D498-C49F-3AF607DB6F6D}"
EndProject
Project("{FAE04EC0-301F-11D3-BF4B-00C04F79EFBC}") = "Assembly-CSharp", "Assembly-CSharp.Player.csproj", "{FFCB8335-0A07-27BD-9C04-5031B358D6F0}"
EndProject
Global
	GlobalSection(SolutionConfigurationPlatforms) = preSolution
		Debug|Any CPU = Debug|Any CPU
		Release|Any CPU = Release|Any CPU
	EndGlobalSection
	GlobalSection(ProjectConfigurationPlatforms) = postSolution
		{6612A9AC-E61A-D498-C49F-3AF607DB6F6D}.Debug|Any CPU.ActiveCfg = Debug|Any CPU
		{6612A9AC-E61A-D498-C49F-3AF607DB6F6D}.Debug|Any CPU.Build.0 = Debug|Any CPU
		{6612A9AC-E61A-D498-C49F-3AF607DB6F6D}.Release|Any CPU.ActiveCfg = Release|Any CPU
		{6612A9AC-E61A-D498-C49F-3AF607DB6F6D}.Release|Any CPU.Build.0 = Release|Any CPU
		{FFCB8335-0A07-27BD-9C04-5031B358D6F0}.Debug|Any CPU.ActiveCfg = Debug|Any CPU
		{FFCB8335-0A07-27BD-9C04-5031B358D6F0}.Debug|Any CPU.Build.0 = Debug|Any CPU
		{FFCB8335-0A07-27BD-9C04-5031B358D6F0}.Release|Any CPU.ActiveCfg = Release|Any CPU
		{FFCB8335-0A07-27BD-9C04-5031B358D6F0}.Release|Any CPU.Build.0 = Release|Any CPU
	EndGlobalSection
	GlobalSection(SolutionProperties) = preSolution
		HideSolutionNode = FALSE
	EndGlobalSection
EndGlobal
